
Microsoft Visual Studio Solution File, Format Version 12.00
# Visual Studio Version 17
VisualStudioVersion = 17.14.36408.4 d17.14
MinimumVisualStudioVersion = 10.0.40219.1
Project("{FAE04EC0-301F-11D3-BF4B-00C04F79EFBC}") = "ProjectManagerApi", "ProjectManagerApi\ProjectManagerApi.csproj", "{81EB2E73-AF45-415F-ABFB-0A7FFFE1F03C}"
EndProject
Global
	GlobalSection(SolutionConfigurationPlatforms) = preSolution
		Debug|Any CPU = Debug|Any CPU
		Release|Any CPU = Release|Any CPU
	EndGlobalSection
	GlobalSection(ProjectConfigurationPlatforms) = postSolution
		{81EB2E73-AF45-415F-ABFB-0A7FFFE1F03C}.Debug|Any CPU.ActiveCfg = Debug|Any CPU
		{81EB2E73-AF45-415F-ABFB-0A7FFFE1F03C}.Debug|Any CPU.Build.0 = Debug|Any CPU
		{81EB2E73-AF45-415F-ABFB-0A7FFFE1F03C}.Release|Any CPU.ActiveCfg = Release|Any CPU
		{81EB2E73-AF45-415F-ABFB-0A7FFFE1F03C}.Release|Any CPU.Build.0 = Release|Any CPU
	EndGlobalSection
	GlobalSection(SolutionProperties) = preSolution
		HideSolutionNode = FALSE
	EndGlobalSection
	GlobalSection(ExtensibilityGlobals) = postSolution
		SolutionGuid = {763B12CE-B9EE-4674-B438-967F6C35747C}
	EndGlobalSection
EndGlobal
